
Microsoft Visual Studio Solution File, Format Version 12.00
# Visual Studio Version 16
VisualStudioVersion = 16.0.31205.134
MinimumVisualStudioVersion = 10.0.40219.1
Project("{FAE04EC0-301F-11D3-BF4B-00C04F79EFBC}") = "prj_Task2", "prj_Task2\prj_Task2.csproj", "{0FD77313-3E6E-4806-8ADA-C2B171179F39}"
EndProject
Global
	GlobalSection(SolutionConfigurationPlatforms) = preSolution
		Debug|Any CPU = Debug|Any CPU
		Release|Any CPU = Release|Any CPU
	EndGlobalSection
	GlobalSection(ProjectConfigurationPlatforms) = postSolution
		{0FD77313-3E6E-4806-8ADA-C2B171179F39}.Debug|Any CPU.ActiveCfg = Debug|Any CPU
		{0FD77313-3E6E-4806-8ADA-C2B171179F39}.Debug|Any CPU.Build.0 = Debug|Any CPU
		{0FD77313-3E6E-4806-8ADA-C2B171179F39}.Release|Any CPU.ActiveCfg = Release|Any CPU
		{0FD77313-3E6E-4806-8ADA-C2B171179F39}.Release|Any CPU.Build.0 = Release|Any CPU
	EndGlobalSection
	GlobalSection(SolutionProperties) = preSolution
		HideSolutionNode = FALSE
	EndGlobalSection
	GlobalSection(ExtensibilityGlobals) = postSolution
		SolutionGuid = {BB68560A-284B-42B1-9A4C-2A6DE88EE4DA}
	EndGlobalSection
EndGlobal
